
Microsoft Visual Studio Solution File, Format Version 12.00
# Visual Studio Version 17
VisualStudioVersion = 17.10.35013.160
MinimumVisualStudioVersion = 10.0.40219.1
Project("{9A19103F-16F7-4668-BE54-9A1E7A4F7556}") = "Auth.AuthService", "Auth.AuthService\Auth.AuthService.csproj", "{91DF9778-39E8-4B4F-B55B-C760964D1F0A}"
EndProject
Project("{9A19103F-16F7-4668-BE54-9A1E7A4F7556}") = "Auth.MailService", "Auth.MailService\Auth.MailService.csproj", "{6FA1B07A-3970-409E-92B9-E40F239F1680}"
EndProject
Project("{9A19103F-16F7-4668-BE54-9A1E7A4F7556}") = "Auth.SocialMediaStream", "Auth.SocialMediaStream\Auth.SocialMediaStream.csproj", "{99B9C934-5B9A-433D-9EDE-EAAC7C01B218}"
EndProject
Global
	GlobalSection(SolutionConfigurationPlatforms) = preSolution
		Debug|Any CPU = Debug|Any CPU
		Release|Any CPU = Release|Any CPU
	EndGlobalSection
	GlobalSection(ProjectConfigurationPlatforms) = postSolution
		{91DF9778-39E8-4B4F-B55B-C760964D1F0A}.Debug|Any CPU.ActiveCfg = Debug|Any CPU
		{91DF9778-39E8-4B4F-B55B-C760964D1F0A}.Debug|Any CPU.Build.0 = Debug|Any CPU
		{91DF9778-39E8-4B4F-B55B-C760964D1F0A}.Release|Any CPU.ActiveCfg = Release|Any CPU
		{91DF9778-39E8-4B4F-B55B-C760964D1F0A}.Release|Any CPU.Build.0 = Release|Any CPU
		{6FA1B07A-3970-409E-92B9-E40F239F1680}.Debug|Any CPU.ActiveCfg = Debug|Any CPU
		{6FA1B07A-3970-409E-92B9-E40F239F1680}.Debug|Any CPU.Build.0 = Debug|Any CPU
		{6FA1B07A-3970-409E-92B9-E40F239F1680}.Release|Any CPU.ActiveCfg = Release|Any CPU
		{6FA1B07A-3970-409E-92B9-E40F239F1680}.Release|Any CPU.Build.0 = Release|Any CPU
		{99B9C934-5B9A-433D-9EDE-EAAC7C01B218}.Debug|Any CPU.ActiveCfg = Debug|Any CPU
		{99B9C934-5B9A-433D-9EDE-EAAC7C01B218}.Debug|Any CPU.Build.0 = Debug|Any CPU
		{99B9C934-5B9A-433D-9EDE-EAAC7C01B218}.Release|Any CPU.ActiveCfg = Release|Any CPU
		{99B9C934-5B9A-433D-9EDE-EAAC7C01B218}.Release|Any CPU.Build.0 = Release|Any CPU
	EndGlobalSection
	GlobalSection(SolutionProperties) = preSolution
		HideSolutionNode = FALSE
	EndGlobalSection
	GlobalSection(ExtensibilityGlobals) = postSolution
		SolutionGuid = {1C02262A-1493-4AF2-AA26-60EBB794923A}
	EndGlobalSection
EndGlobal
